
Microsoft Visual Studio Solution File, Format Version 12.00
# Visual Studio Version 16
VisualStudioVersion = 16.0.30011.22
MinimumVisualStudioVersion = 10.0.40219.1
Project("{9A19103F-16F7-4668-BE54-9A1E7A4F7556}") = "Encuentros.API", "Encuentros.API\Encuentros.API.csproj", "{BE83388D-1A59-4C99-A3A7-8296D7C37927}"
EndProject
Project("{FAE04EC0-301F-11D3-BF4B-00C04F79EFBC}") = "Encuentros.Data", "Encuentros.Data\Encuentros.Data.csproj", "{08A79AC6-848A-4CFC-A7A0-A21C91B1B89D}"
EndProject
Project("{FAE04EC0-301F-11D3-BF4B-00C04F79EFBC}") = "Encuentros.DTOs", "Encuentros.DTOs\Encuentros.DTOs.csproj", "{B782C4D7-F63D-4955-88BE-859E094D5DA6}"
EndProject
Project("{FAE04EC0-301F-11D3-BF4B-00C04F79EFBC}") = "Encuentros.EntityMapper", "Encuentros.EntityMapper\Encuentros.EntityMapper.csproj", "{1094486A-6148-406F-810B-8DF828280652}"
EndProject
Project("{FAE04EC0-301F-11D3-BF4B-00C04F79EFBC}") = "Encuentros.Logic", "Encuentros.Logic\Encuentros.Logic.csproj", "{064D2CCF-F63A-4563-9380-BEE1FC4DF852}"
EndProject
Global
	GlobalSection(SolutionConfigurationPlatforms) = preSolution
		Debug|Any CPU = Debug|Any CPU
		Release|Any CPU = Release|Any CPU
	EndGlobalSection
	GlobalSection(ProjectConfigurationPlatforms) = postSolution
		{BE83388D-1A59-4C99-A3A7-8296D7C37927}.Debug|Any CPU.ActiveCfg = Debug|Any CPU
		{BE83388D-1A59-4C99-A3A7-8296D7C37927}.Debug|Any CPU.Build.0 = Debug|Any CPU
		{BE83388D-1A59-4C99-A3A7-8296D7C37927}.Release|Any CPU.ActiveCfg = Release|Any CPU
		{BE83388D-1A59-4C99-A3A7-8296D7C37927}.Release|Any CPU.Build.0 = Release|Any CPU
		{08A79AC6-848A-4CFC-A7A0-A21C91B1B89D}.Debug|Any CPU.ActiveCfg = Debug|Any CPU
		{08A79AC6-848A-4CFC-A7A0-A21C91B1B89D}.Debug|Any CPU.Build.0 = Debug|Any CPU
		{08A79AC6-848A-4CFC-A7A0-A21C91B1B89D}.Release|Any CPU.ActiveCfg = Release|Any CPU
		{08A79AC6-848A-4CFC-A7A0-A21C91B1B89D}.Release|Any CPU.Build.0 = Release|Any CPU
		{B782C4D7-F63D-4955-88BE-859E094D5DA6}.Debug|Any CPU.ActiveCfg = Debug|Any CPU
		{B782C4D7-F63D-4955-88BE-859E094D5DA6}.Debug|Any CPU.Build.0 = Debug|Any CPU
		{B782C4D7-F63D-4955-88BE-859E094D5DA6}.Release|Any CPU.ActiveCfg = Release|Any CPU
		{B782C4D7-F63D-4955-88BE-859E094D5DA6}.Release|Any CPU.Build.0 = Release|Any CPU
		{1094486A-6148-406F-810B-8DF828280652}.Debug|Any CPU.ActiveCfg = Debug|Any CPU
		{1094486A-6148-406F-810B-8DF828280652}.Debug|Any CPU.Build.0 = Debug|Any CPU
		{1094486A-6148-406F-810B-8DF828280652}.Release|Any CPU.ActiveCfg = Release|Any CPU
		{1094486A-6148-406F-810B-8DF828280652}.Release|Any CPU.Build.0 = Release|Any CPU
		{064D2CCF-F63A-4563-9380-BEE1FC4DF852}.Debug|Any CPU.ActiveCfg = Debug|Any CPU
		{064D2CCF-F63A-4563-9380-BEE1FC4DF852}.Debug|Any CPU.Build.0 = Debug|Any CPU
		{064D2CCF-F63A-4563-9380-BEE1FC4DF852}.Release|Any CPU.ActiveCfg = Release|Any CPU
		{064D2CCF-F63A-4563-9380-BEE1FC4DF852}.Release|Any CPU.Build.0 = Release|Any CPU
	EndGlobalSection
	GlobalSection(SolutionProperties) = preSolution
		HideSolutionNode = FALSE
	EndGlobalSection
	GlobalSection(ExtensibilityGlobals) = postSolution
		SolutionGuid = {75B95EF2-C0EB-440F-AEBC-93DDE283DED2}
	EndGlobalSection
EndGlobal
